{
  "name": "claude-bell",
  "version": "0.1.0",
  "lockfileVersion": 3,
  "requires": true,
  "packages": {
    "": {
      "name": "claude-bell",
      "version": "0.1.0",
      "license": "MIT",
      "dependencies": {
        "commander": "^15.0.0",
        "nodemailer": "^10.0.15"
      },
      "bin": {
        "claude-bell": "bin/claude-bell.js"
      }
    },
    "node_modules/commander": {
      "version": "15.0.0",
      "resolved": "https://registry.npmjs.org/commander/-/commander-15.0.0.tgz",
      "integrity": "sha512-z67u4ZhzCL/Tydu1lJARtEZYWbWaN7oYLHbsuzocr6y4N6WZAagG3RQ4FW61V1/0+jImpj293XfrcYnd1qxtPg==",
      "license": "MIT",
      "engines": {
        "node": ">=22.12.0"
      }
    },
    "node_modules/nodemailer": {
      "version": "10.0.15",
      "resolved": "https://registry.npmjs.org/nodemailer/-/nodemailer-10.0.15.tgz",
      "integrity": "sha512-EUqp5PhtcsYXs9Fq/lS7s/8zlTrnBqmzZWzFFROrNikMiz+om/YRKMwqN907t+0A1KKyT8jd39CBUbFZmaZmcA==",
      "license": "MIT-0",
      "engines": {
        "node": ">=20.0.0"
      }
    }
  }
}
